Microsoft Visual Studio Solution File, Format Version 11.00
# Visual Studio 2008

Project("{B2D5AC6C-E749-3372-742A-79812C5982CE}") = "mesh-test", "Assembly-CSharp.csproj", "{7B3EB68A-5743-4BA3-5B78-AF7D4D409F6A}"
EndProject
Global
	GlobalSection(SolutionConfigurationPlatforms) = preSolution
		Debug|Any CPU = Debug|Any CPU
		Release|Any CPU = Release|Any CPU
	EndGlobalSection
	GlobalSection(ProjectConfigurationPlatforms) = postSolution
		{7B3EB68A-5743-4BA3-5B78-AF7D4D409F6A}.Debug|Any CPU.ActiveCfg = Debug|Any CPU
		{7B3EB68A-5743-4BA3-5B78-AF7D4D409F6A}.Debug|Any CPU.Build.0 = Debug|Any CPU
		{7B3EB68A-5743-4BA3-5B78-AF7D4D409F6A}.Release|Any CPU.ActiveCfg = Release|Any CPU
		{7B3EB68A-5743-4BA3-5B78-AF7D4D409F6A}.Release|Any CPU.Build.0 = Release|Any CPU
	EndGlobalSection
	GlobalSection(SolutionProperties) = preSolution
		HideSolutionNode = FALSE
	EndGlobalSection
	GlobalSection(MonoDevelopProperties) = preSolution
		StartupItem = Assembly-CSharp.csproj
	EndGlobalSection
EndGlobal
